
Microsoft Visual Studio Solution File, Format Version 12.00
# Visual Studio 15
VisualStudioVersion = 15.0.28307.779
MinimumVisualStudioVersion = 10.0.40219.1
Project("{8BC9CEB8-8B4A-11D0-8D11-00A0C91BC942}") = "Lab1", "Lab1\Lab1.vcxproj", "{B4B6AA88-6BA7-4E3E-B68E-CF91C232DC03}"
EndProject
Project("{8BC9CEB8-8B4A-11D0-8D11-00A0C91BC942}") = "Lab2", "Lab2\Lab2.vcxproj", "{84CC6395-11A7-4AF9-9379-91238F1CD3F6}"
EndProject
Project("{8BC9CEB8-8B4A-11D0-8D11-00A0C91BC942}") = "Lab 3", "Lab 3\Lab 3.vcxproj", "{9D863426-1653-4F89-9DA6-26E01BDED736}"
EndProject
Project("{8BC9CEB8-8B4A-11D0-8D11-00A0C91BC942}") = "Advanced Rendering ACW", "Advanced Rendering ACW\Advanced Rendering ACW.vcxproj", "{7731616A-D747-4E99-BEFD-83CEE9AC3FE8}"
EndProject
Project("{8BC9CEB8-8B4A-11D0-8D11-00A0C91BC942}") = "Lab4", "Lab4\Lab4.vcxproj", "{351B97C4-5A1A-4CA3-8D06-8B9D351B1D05}"
EndProject
Project("{8BC9CEB8-8B4A-11D0-8D11-00A0C91BC942}") = "Lab5", "Lab5\Lab5.vcxproj", "{F7137F6E-4C84-4726-8D8C-9E6901593BF2}"
EndProject
Global
	GlobalSection(SolutionConfigurationPlatforms) = preSolution
		Debug|ARM = Debug|ARM
		Debug|ARM64 = Debug|ARM64
		Debug|x64 = Debug|x64
		Debug|x86 = Debug|x86
		Release|ARM = Release|ARM
		Release|ARM64 = Release|ARM64
		Release|x64 = Release|x64
		Release|x86 = Release|x86
	EndGlobalSection
	GlobalSection(ProjectConfigurationPlatforms) = postSolution
		{B4B6AA88-6BA7-4E3E-B68E-CF91C232DC03}.Debug|ARM.ActiveCfg = Debug|ARM
		{B4B6AA88-6BA7-4E3E-B68E-CF91C232DC03}.Debug|ARM.Build.0 = Debug|ARM
		{B4B6AA88-6BA7-4E3E-B68E-CF91C232DC03}.Debug|ARM.Deploy.0 = Debug|ARM
		{B4B6AA88-6BA7-4E3E-B68E-CF91C232DC03}.Debug|ARM64.ActiveCfg = Debug|ARM64
		{B4B6AA88-6BA7-4E3E-B68E-CF91C232DC03}.Debug|ARM64.Build.0 = Debug|ARM64
		{B4B6AA88-6BA7-4E3E-B68E-CF91C232DC03}.Debug|ARM64.Deploy.0 = Debug|ARM64
		{B4B6AA88-6BA7-4E3E-B68E-CF91C232DC03}.Debug|x64.ActiveCfg = Debug|x64
		{B4B6AA88-6BA7-4E3E-B68E-CF91C232DC03}.Debug|x64.Build.0 = Debug|x64
		{B4B6AA88-6BA7-4E3E-B68E-CF91C232DC03}.Debug|x64.Deploy.0 = Debug|x64
		{B4B6AA88-6BA7-4E3E-B68E-CF91C232DC03}.Debug|x86.ActiveCfg = Debug|Win32
		{B4B6AA88-6BA7-4E3E-B68E-CF91C232DC03}.Debug|x86.Build.0 = Debug|Win32
		{B4B6AA88-6BA7-4E3E-B68E-CF91C232DC03}.Debug|x86.Deploy.0 = Debug|Win32
		{B4B6AA88-6BA7-4E3E-B68E-CF91C232DC03}.Release|ARM.ActiveCfg = Release|ARM
		{B4B6AA88-6BA7-4E3E-B68E-CF91C232DC03}.Release|ARM.Build.0 = Release|ARM
		{B4B6AA88-6BA7-4E3E-B68E-CF91C232DC03}.Release|ARM.Deploy.0 = Release|ARM
		{B4B6AA88-6BA7-4E3E-B68E-CF91C232DC03}.Release|ARM64.ActiveCfg = Release|ARM64
		{B4B6AA88-6BA7-4E3E-B68E-CF91C232DC03}.Release|ARM64.Build.0 = Release|ARM64
		{B4B6AA88-6BA7-4E3E-B68E-CF91C232DC03}.Release|ARM64.Deploy.0 = Release|ARM64
		{B4B6AA88-6BA7-4E3E-B68E-CF91C232DC03}.Release|x64.ActiveCfg = Release|x64
		{B4B6AA88-6BA7-4E3E-B68E-CF91C232DC03}.Release|x64.Build.0 = Release|x64
		{B4B6AA88-6BA7-4E3E-B68E-CF91C232DC03}.Release|x64.Deploy.0 = Release|x64
		{B4B6AA88-6BA7-4E3E-B68E-CF91C232DC03}.Release|x86.ActiveCfg = Release|Win32
		{B4B6AA88-6BA7-4E3E-B68E-CF91C232DC03}.Release|x86.Build.0 = Release|Win32
		{B4B6AA88-6BA7-4E3E-B68E-CF91C232DC03}.Release|x86.Deploy.0 = Release|Win32
		{84CC6395-11A7-4AF9-9379-91238F1CD3F6}.Debug|ARM.ActiveCfg = Debug|ARM
		{84CC6395-11A7-4AF9-9379-91238F1CD3F6}.Debug|ARM.Build.0 = Debug|ARM
		{84CC6395-11A7-4AF9-9379-91238F1CD3F6}.Debug|ARM.Deploy.0 = Debug|ARM
		{84CC6395-11A7-4AF9-9379-91238F1CD3F6}.Debug|ARM64.ActiveCfg = Debug|ARM64
		{84CC6395-11A7-4AF9-9379-91238F1CD3F6}.Debug|ARM64.Build.0 = Debug|ARM64
		{84CC6395-11A7-4AF9-9379-91238F1CD3F6}.Debug|ARM64.Deploy.0 = Debug|ARM64
		{84CC6395-11A7-4AF9-9379-91238F1CD3F6}.Debug|x64.ActiveCfg = Debug|x64
		{84CC6395-11A7-4AF9-9379-91238F1CD3F6}.Debug|x64.Build.0 = Debug|x64
		{84CC6395-11A7-4AF9-9379-91238F1CD3F6}.Debug|x64.Deploy.0 = Debug|x64
		{84CC6395-11A7-4AF9-9379-91238F1CD3F6}.Debug|x86.ActiveCfg = Debug|Win32
		{84CC6395-11A7-4AF9-9379-91238F1CD3F6}.Debug|x86.Build.0 = Debug|Win32
		{84CC6395-11A7-4AF9-9379-91238F1CD3F6}.Debug|x86.Deploy.0 = Debug|Win32
		{84CC6395-11A7-4AF9-9379-91238F1CD3F6}.Release|ARM.ActiveCfg = Release|ARM
		{84CC6395-11A7-4AF9-9379-91238F1CD3F6}.Release|ARM.Build.0 = Release|ARM
		{84CC6395-11A7-4AF9-9379-91238F1CD3F6}.Release|ARM.Deploy.0 = Release|ARM
		{84CC6395-11A7-4AF9-9379-91238F1CD3F6}.Release|ARM64.ActiveCfg = Release|ARM64
		{84CC6395-11A7-4AF9-9379-91238F1CD3F6}.Release|ARM64.Build.0 = Release|ARM64
		{84CC6395-11A7-4AF9-9379-91238F1CD3F6}.Release|ARM64.Deploy.0 = Release|ARM64
		{84CC6395-11A7-4AF9-9379-91238F1CD3F6}.Release|x64.ActiveCfg = Release|x64
		{84CC6395-11A7-4AF9-9379-91238F1CD3F6}.Release|x64.Build.0 = Release|x64
		{84CC6395-11A7-4AF9-9379-91238F1CD3F6}.Release|x64.Deploy.0 = Release|x64
		{84CC6395-11A7-4AF9-9379-91238F1CD3F6}.Release|x86.ActiveCfg = Release|Win32
		{84CC6395-11A7-4AF9-9379-91238F1CD3F6}.Release|x86.Build.0 = Release|Win32
		{84CC6395-11A7-4AF9-9379-91238F1CD3F6}.Release|x86.Deploy.0 = Release|Win32
		{9D863426-1653-4F89-9DA6-26E01BDED736}.Debug|ARM.ActiveCfg = Debug|ARM
		{9D863426-1653-4F89-9DA6-26E01BDED736}.Debug|ARM.Build.0 = Debug|ARM
		{9D863426-1653-4F89-9DA6-26E01BDED736}.Debug|ARM.Deploy.0 = Debug|ARM
		{9D863426-1653-4F89-9DA6-26E01BDED736}.Debug|ARM64.ActiveCfg = Debug|ARM64
		{9D863426-1653-4F89-9DA6-26E01BDED736}.Debug|ARM64.Build.0 = Debug|ARM64
		{9D863426-1653-4F89-9DA6-26E01BDED736}.Debug|ARM64.Deploy.0 = Debug|ARM64
		{9D863426-1653-4F89-9DA6-26E01BDED736}.Debug|x64.ActiveCfg = Debug|x64
		{9D863426-1653-4F89-9DA6-26E01BDED736}.Debug|x64.Build.0 = Debug|x64
		{9D863426-1653-4F89-9DA6-26E01BDED736}.Debug|x64.Deploy.0 = Debug|x64
		{9D863426-1653-4F89-9DA6-26E01BDED736}.Debug|x86.ActiveCfg = Debug|Win32
		{9D863426-1653-4F89-9DA6-26E01BDED736}.Debug|x86.Build.0 = Debug|Win32
		{9D863426-1653-4F89-9DA6-26E01BDED736}.Debug|x86.Deploy.0 = Debug|Win32
		{9D863426-1653-4F89-9DA6-26E01BDED736}.Release|ARM.ActiveCfg = Release|ARM
		{9D863426-1653-4F89-9DA6-26E01BDED736}.Release|ARM.Build.0 = Release|ARM
		{9D863426-1653-4F89-9DA6-26E01BDED736}.Release|ARM.Deploy.0 = Release|ARM
		{9D863426-1653-4F89-9DA6-26E01BDED736}.Release|ARM64.ActiveCfg = Release|ARM64
		{9D863426-1653-4F89-9DA6-26E01BDED736}.Release|ARM64.Build.0 = Release|ARM64
		{9D863426-1653-4F89-9DA6-26E01BDED736}.Release|ARM64.Deploy.0 = Release|ARM64
		{9D863426-1653-4F89-9DA6-26E01BDED736}.Release|x64.ActiveCfg = Release|x64
		{9D863426-1653-4F89-9DA6-26E01BDED736}.Release|x64.Build.0 = Release|x64
		{9D863426-1653-4F89-9DA6-26E01BDED736}.Release|x64.Deploy.0 = Release|x64
		{9D863426-1653-4F89-9DA6-26E01BDED736}.Release|x86.ActiveCfg = Release|Win32
		{9D863426-1653-4F89-9DA6-26E01BDED736}.Release|x86.Build.0 = Release|Win32
		{9D863426-1653-4F89-9DA6-26E01BDED736}.Release|x86.Deploy.0 = Release|Win32
		{7731616A-D747-4E99-BEFD-83CEE9AC3FE8}.Debug|ARM.ActiveCfg = Debug|ARM
		{7731616A-D747-4E99-BEFD-83CEE9AC3FE8}.Debug|ARM.Build.0 = Debug|ARM
		{7731616A-D747-4E99-BEFD-83CEE9AC3FE8}.Debug|ARM.Deploy.0 = Debug|ARM
		{7731616A-D747-4E99-BEFD-83CEE9AC3FE8}.Debug|ARM64.ActiveCfg = Debug|ARM64
		{7731616A-D747-4E99-BEFD-83CEE9AC3FE8}.Debug|ARM64.Build.0 = Debug|ARM64
		{7731616A-D747-4E99-BEFD-83CEE9AC3FE8}.Debug|ARM64.Deploy.0 = Debug|ARM64
		{7731616A-D747-4E99-BEFD-83CEE9AC3FE8}.Debug|x64.ActiveCfg = Debug|x64
		{7731616A-D747-4E99-BEFD-83CEE9AC3FE8}.Debug|x64.Build.0 = Debug|x64
		{7731616A-D747-4E99-BEFD-83CEE9AC3FE8}.Debug|x64.Deploy.0 = Debug|x64
		{7731616A-D747-4E99-BEFD-83CEE9AC3FE8}.Debug|x86.ActiveCfg = Debug|Win32
		{7731616A-D747-4E99-BEFD-83CEE9AC3FE8}.Debug|x86.Build.0 = Debug|Win32
		{7731616A-D747-4E99-BEFD-83CEE9AC3FE8}.Debug|x86.Deploy.0 = Debug|Win32
		{7731616A-D747-4E99-BEFD-83CEE9AC3FE8}.Release|ARM.ActiveCfg = Release|ARM
		{7731616A-D747-4E99-BEFD-83CEE9AC3FE8}.Release|ARM.Build.0 = Release|ARM
		{7731616A-D747-4E99-BEFD-83CEE9AC3FE8}.Release|ARM.Deploy.0 = Release|ARM
		{7731616A-D747-4E99-BEFD-83CEE9AC3FE8}.Release|ARM64.ActiveCfg = Release|ARM64
		{7731616A-D747-4E99-BEFD-83CEE9AC3FE8}.Release|ARM64.Build.0 = Release|ARM64
		{7731616A-D747-4E99-BEFD-83CEE9AC3FE8}.Release|ARM64.Deploy.0 = Release|ARM64
		{7731616A-D747-4E99-BEFD-83CEE9AC3FE8}.Release|x64.ActiveCfg = Release|x64
		{7731616A-D747-4E99-BEFD-83CEE9AC3FE8}.Release|x64.Build.0 = Release|x64
		{7731616A-D747-4E99-BEFD-83CEE9AC3FE8}.Release|x64.Deploy.0 = Release|x64
		{7731616A-D747-4E99-BEFD-83CEE9AC3FE8}.Release|x86.ActiveCfg = Release|Win32
		{7731616A-D747-4E99-BEFD-83CEE9AC3FE8}.Release|x86.Build.0 = Release|Win32
		{7731616A-D747-4E99-BEFD-83CEE9AC3FE8}.Release|x86.Deploy.0 = Release|Win32
		{351B97C4-5A1A-4CA3-8D06-8B9D351B1D05}.Debug|ARM.ActiveCfg = Debug|ARM
		{351B97C4-5A1A-4CA3-8D06-8B9D351B1D05}.Debug|ARM.Build.0 = Debug|ARM
		{351B97C4-5A1A-4CA3-8D06-8B9D351B1D05}.Debug|ARM.Deploy.0 = Debug|ARM
		{351B97C4-5A1A-4CA3-8D06-8B9D351B1D05}.Debug|ARM64.ActiveCfg = Debug|ARM64
		{351B97C4-5A1A-4CA3-8D06-8B9D351B1D05}.Debug|ARM64.Build.0 = Debug|ARM64
		{351B97C4-5A1A-4CA3-8D06-8B9D351B1D05}.Debug|ARM64.Deploy.0 = Debug|ARM64
		{351B97C4-5A1A-4CA3-8D06-8B9D351B1D05}.Debug|x64.ActiveCfg = Debug|x64
		{351B97C4-5A1A-4CA3-8D06-8B9D351B1D05}.Debug|x64.Build.0 = Debug|x64
		{351B97C4-5A1A-4CA3-8D06-8B9D351B1D05}.Debug|x64.Deploy.0 = Debug|x64
		{351B97C4-5A1A-4CA3-8D06-8B9D351B1D05}.Debug|x86.ActiveCfg = Debug|Win32
		{351B97C4-5A1A-4CA3-8D06-8B9D351B1D05}.Debug|x86.Build.0 = Debug|Win32
		{351B97C4-5A1A-4CA3-8D06-8B9D351B1D05}.Debug|x86.Deploy.0 = Debug|Win32
		{351B97C4-5A1A-4CA3-8D06-8B9D351B1D05}.Release|ARM.ActiveCfg = Release|ARM
		{351B97C4-5A1A-4CA3-8D06-8B9D351B1D05}.Release|ARM.Build.0 = Release|ARM
		{351B97C4-5A1A-4CA3-8D06-8B9D351B1D05}.Release|ARM.Deploy.0 = Release|ARM
		{351B97C4-5A1A-4CA3-8D06-8B9D351B1D05}.Release|ARM64.ActiveCfg = Release|ARM64
		{351B97C4-5A1A-4CA3-8D06-8B9D351B1D05}.Release|ARM64.Build.0 = Release|ARM64
		{351B97C4-5A1A-4CA3-8D06-8B9D351B1D05}.Release|ARM64.Deploy.0 = Release|ARM64
		{351B97C4-5A1A-4CA3-8D06-8B9D351B1D05}.Release|x64.ActiveCfg = Release|x64
		{351B97C4-5A1A-4CA3-8D06-8B9D351B1D05}.Release|x64.Build.0 = Release|x64
		{351B97C4-5A1A-4CA3-8D06-8B9D351B1D05}.Release|x64.Deploy.0 = Release|x64
		{351B97C4-5A1A-4CA3-8D06-8B9D351B1D05}.Release|x86.ActiveCfg = Release|Win32
		{351B97C4-5A1A-4CA3-8D06-8B9D351B1D05}.Release|x86.Build.0 = Release|Win32
		{351B97C4-5A1A-4CA3-8D06-8B9D351B1D05}.Release|x86.Deploy.0 = Release|Win32
		{F7137F6E-4C84-4726-8D8C-9E6901593BF2}.Debug|ARM.ActiveCfg = Debug|ARM
		{F7137F6E-4C84-4726-8D8C-9E6901593BF2}.Debug|ARM.Build.0 = Debug|ARM
		{F7137F6E-4C84-4726-8D8C-9E6901593BF2}.Debug|ARM.Deploy.0 = Debug|ARM
		{F7137F6E-4C84-4726-8D8C-9E6901593BF2}.Debug|ARM64.ActiveCfg = Debug|ARM64
		{F7137F6E-4C84-4726-8D8C-9E6901593BF2}.Debug|ARM64.Build.0 = Debug|ARM64
		{F7137F6E-4C84-4726-8D8C-9E6901593BF2}.Debug|ARM64.Deploy.0 = Debug|ARM64
		{F7137F6E-4C84-4726-8D8C-9E6901593BF2}.Debug|x64.ActiveCfg = Debug|x64
		{F7137F6E-4C84-4726-8D8C-9E6901593BF2}.Debug|x64.Build.0 = Debug|x64
		{F7137F6E-4C84-4726-8D8C-9E6901593BF2}.Debug|x64.Deploy.0 = Debug|x64
		{F7137F6E-4C84-4726-8D8C-9E6901593BF2}.Debug|x86.ActiveCfg = Debug|Win32
		{F7137F6E-4C84-4726-8D8C-9E6901593BF2}.Debug|x86.Build.0 = Debug|Win32
		{F7137F6E-4C84-4726-8D8C-9E6901593BF2}.Debug|x86.Deploy.0 = Debug|Win32
		{F7137F6E-4C84-4726-8D8C-9E6901593BF2}.Release|ARM.ActiveCfg = Release|ARM
		{F7137F6E-4C84-4726-8D8C-9E6901593BF2}.Release|ARM.Build.0 = Release|ARM
		{F7137F6E-4C84-4726-8D8C-9E6901593BF2}.Release|ARM.Deploy.0 = Release|ARM
		{F7137F6E-4C84-4726-8D8C-9E6901593BF2}.Release|ARM64.ActiveCfg = Release|ARM64
		{F7137F6E-4C84-4726-8D8C-9E6901593BF2}.Release|ARM64.Build.0 = Release|ARM64
		{F7137F6E-4C84-4726-8D8C-9E6901593BF2}.Release|ARM64.Deploy.0 = Release|ARM64
		{F7137F6E-4C84-4726-8D8C-9E6901593BF2}.Release|x64.ActiveCfg = Release|x64
		{F7137F6E-4C84-4726-8D8C-9E6901593BF2}.Release|x64.Build.0 = Release|x64
		{F7137F6E-4C84-4726-8D8C-9E6901593BF2}.Release|x64.Deploy.0 = Release|x64
		{F7137F6E-4C84-4726-8D8C-9E6901593BF2}.Release|x86.ActiveCfg = Release|Win32
		{F7137F6E-4C84-4726-8D8C-9E6901593BF2}.Release|x86.Build.0 = Release|Win32
		{F7137F6E-4C84-4726-8D8C-9E6901593BF2}.Release|x86.Deploy.0 = Release|Win32
	EndGlobalSection
	GlobalSection(SolutionProperties) = preSolution
		HideSolutionNode = FALSE
	EndGlobalSection
	GlobalSection(ExtensibilityGlobals) = postSolution
		SolutionGuid = {AC8448A8-AA12-4AD0-A072-67319E4AC87B}
	EndGlobalSection
EndGlobal
