<?xml version="1.0" encoding="utf-8"?>
<Project ToolsVersion="4.0" xmlns="http://schemas.microsoft.com/developer/msbuild/2003">
  <ItemGroup>
    <Filter Include="Common">
      <UniqueIdentifier>7731616a-d747-4e99-befd-83cee9ac3fe8</UniqueIdentifier>
    </Filter>
    <Filter Include="Assets">
      <UniqueIdentifier>4067a268-b474-4391-84bf-2f95ad6c084f</UniqueIdentifier>
      <Extensions>bmp;fbx;gif;jpg;jpeg;tga;tiff;tif;png</Extensions>
    </Filter>
    <Filter Include="Content">
      <UniqueIdentifier>09791ad9-3293-4b0a-9d49-257a191527ab</UniqueIdentifier>
    </Filter>
    <ClInclude Include="Common\DirectXHelper.h">
      <Filter>Common</Filter>
    </ClInclude>
    <ClInclude Include="Common\StepTimer.h">
      <Filter>Common</Filter>
    </ClInclude>
    <ClInclude Include="Common\DeviceResources.h">
      <Filter>Common</Filter>
    </ClInclude>
    <ClCompile Include="Common\DeviceResources.cpp">
      <Filter>Common</Filter>
    </ClCompile>
    <ClInclude Include="Content\Sample3DSceneRenderer.h">
      <Filter>Content</Filter>
    </ClInclude>
    <ClInclude Include="Content\SampleFpsTextRenderer.h">
      <Filter>Content</Filter>
    </ClInclude>
    <ClInclude Include="Content\ShaderStructures.h">
      <Filter>Content</Filter>
    </ClInclude>
    <ClCompile Include="Content\Sample3DSceneRenderer.cpp">
      <Filter>Content</Filter>
    </ClCompile>
    <ClCompile Include="Content\SampleFpsTextRenderer.cpp">
      <Filter>Content</Filter>
    </ClCompile>
    <Image Include="Assets\LockScreenLogo.scale-200.png">
      <Filter>Assets</Filter>
    </Image>
    <Image Include="Assets\SplashScreen.scale-200.png">
      <Filter>Assets</Filter>
    </Image>
    <Image Include="Assets\Square150x150Logo.scale-200.png">
      <Filter>Assets</Filter>
    </Image>
    <Image Include="Assets\Square44x44Logo.scale-200.png">
      <Filter>Assets</Filter>
    </Image>
    <Image Include="Assets\Square44x44Logo.targetsize-24_altform-unplated.png">
      <Filter>Assets</Filter>
    </Image>
    <Image Include="Assets\Wide310x150Logo.scale-200.png">
      <Filter>Assets</Filter>
    </Image>
    <Filter Include="Common\Shader">
      <UniqueIdentifier>{f57cae76-61a0-4258-92e3-4bc65f179f09}</UniqueIdentifier>
    </Filter>
    <Filter Include="Common\Model">
      <UniqueIdentifier>{55647e48-2c83-43bb-bd79-567ad2f53774}</UniqueIdentifier>
    </Filter>
    <Filter Include="Common\ConstantBuffer">
      <UniqueIdentifier>{640ca448-40fa-46f0-b138-b7a8a17292a1}</UniqueIdentifier>
    </Filter>
    <Filter Include="Content\Shaders">
      <UniqueIdentifier>{d82bc20b-c27f-44e2-9cea-46a9004da6e9}</UniqueIdentifier>
    </Filter>
    <Filter Include="Content\Shaders\ParametricShapes">
      <UniqueIdentifier>{2fa5f614-718c-41ae-ada9-9d8e59a0f9a8}</UniqueIdentifier>
    </Filter>
    <Filter Include="Content\Shaders\Billboard">
      <UniqueIdentifier>{1977c4cd-ffd6-421a-904b-58ea01357094}</UniqueIdentifier>
    </Filter>
  </ItemGroup>
  <ItemGroup>
    <ClCompile Include="App.cpp" />
    <ClCompile Include="pch.cpp" />
    <ClCompile Include="Main.cpp" />
    <ClCompile Include="ShaderProgram.cpp">
      <Filter>Common\Shader</Filter>
    </ClCompile>
    <ClCompile Include="VertexShader.cpp">
      <Filter>Common\Shader</Filter>
    </ClCompile>
    <ClCompile Include="FragmentShader.cpp">
      <Filter>Common\Shader</Filter>
    </ClCompile>
    <ClCompile Include="GeometryShader.cpp">
      <Filter>Common\Shader</Filter>
    </ClCompile>
    <ClCompile Include="DomainShader.cpp">
      <Filter>Common\Shader</Filter>
    </ClCompile>
    <ClCompile Include="HullShader.cpp">
      <Filter>Common\Shader</Filter>
    </ClCompile>
    <ClCompile Include="Shader.cpp">
      <Filter>Common\Shader</Filter>
    </ClCompile>
    <ClCompile Include="Model.cpp">
      <Filter>Common\Model</Filter>
    </ClCompile>
    <ClCompile Include="ConstantBuffer.cpp">
      <Filter>Common\ConstantBuffer</Filter>
    </ClCompile>
    <ClCompile Include="Camera.cpp">
      <Filter>Common</Filter>
    </ClCompile>
    <ClCompile Include="Framebuffer.cpp">
      <Filter>Common</Filter>
    </ClCompile>
    <ClCompile Include="PointModel.cpp" />
    <ClCompile Include="DDSTextureLoader.cpp" />
    <ClCompile Include="Texture.cpp" />
    <ClCompile Include="TessModel.cpp" />
  </ItemGroup>
  <ItemGroup>
    <ClInclude Include="App.h" />
    <ClInclude Include="pch.h" />
    <ClInclude Include="Main.h" />
    <ClInclude Include="ShaderProgram.h">
      <Filter>Common\Shader</Filter>
    </ClInclude>
    <ClInclude Include="VertexShader.h">
      <Filter>Common\Shader</Filter>
    </ClInclude>
    <ClInclude Include="FragmentShader.h">
      <Filter>Common\Shader</Filter>
    </ClInclude>
    <ClInclude Include="GeometryShader.h">
      <Filter>Common\Shader</Filter>
    </ClInclude>
    <ClInclude Include="DomainShader.h">
      <Filter>Common\Shader</Filter>
    </ClInclude>
    <ClInclude Include="HullShader.h">
      <Filter>Common\Shader</Filter>
    </ClInclude>
    <ClInclude Include="Shader.h">
      <Filter>Common\Shader</Filter>
    </ClInclude>
    <ClInclude Include="Model.h">
      <Filter>Common\Model</Filter>
    </ClInclude>
    <ClInclude Include="ConstantBuffer.h">
      <Filter>Common\ConstantBuffer</Filter>
    </ClInclude>
    <ClInclude Include="Camera.h">
      <Filter>Common</Filter>
    </ClInclude>
    <ClInclude Include="Framebuffer.h">
      <Filter>Common</Filter>
    </ClInclude>
    <ClInclude Include="PointModel.h" />
    <ClInclude Include="DDSTextureLoader.h" />
    <ClInclude Include="Texture.h" />
    <ClInclude Include="TessModel.h" />
  </ItemGroup>
  <ItemGroup>
    <Image Include="Assets\StoreLogo.png">
      <Filter>Assets</Filter>
    </Image>
    <Image Include="Rock\Textures\AO.jpg">
      <Filter>Assets</Filter>
    </Image>
    <Image Include="Rock\Textures\Cavity.jpg">
      <Filter>Assets</Filter>
    </Image>
    <Image Include="Rock\Textures\Displacement.jpg">
      <Filter>Assets</Filter>
    </Image>
    <Image Include="Rock\Textures\Normal map.jpg">
      <Filter>Assets</Filter>
    </Image>
    <Image Include="Rock\Textures\Texture.jpg">
      <Filter>Assets</Filter>
    </Image>
    <Image Include="Soldier.DDS" />
  </ItemGroup>
  <ItemGroup>
    <AppxManifest Include="Package.appxmanifest" />
  </ItemGroup>
  <ItemGroup>
    <None Include="Advanced Rendering ACW_TemporaryKey.pfx" />
    <None Include="vase.cur" />
  </ItemGroup>
  <ItemGroup>
    <FxCompile Include="Content\RayTracingPixelShader.hlsl">
      <Filter>Content</Filter>
    </FxCompile>
    <FxCompile Include="RayMarchingPixelShader.hlsl">
      <Filter>Content</Filter>
    </FxCompile>
    <FxCompile Include="Content\RayVertexShader.hlsl">
      <Filter>Content</Filter>
    </FxCompile>
    <FxCompile Include="PingPongPixelShader.hlsl">
      <Filter>Content</Filter>
    </FxCompile>
    <FxCompile Include="PingPongVertexShader.hlsl">
      <Filter>Content</Filter>
    </FxCompile>
    <FxCompile Include="ParametricElipsoidDomainShader.hlsl">
      <Filter>Content\Shaders\ParametricShapes</Filter>
    </FxCompile>
    <FxCompile Include="ParametricFragmentShader.hlsl">
      <Filter>Content\Shaders\ParametricShapes</Filter>
    </FxCompile>
    <FxCompile Include="ParametricHullShader.hlsl">
      <Filter>Content\Shaders\ParametricShapes</Filter>
    </FxCompile>
    <FxCompile Include="ParametricSphereDomainShader.hlsl">
      <Filter>Content\Shaders\ParametricShapes</Filter>
    </FxCompile>
    <FxCompile Include="ParametricTorusDomainShader.hlsl">
      <Filter>Content\Shaders\ParametricShapes</Filter>
    </FxCompile>
    <FxCompile Include="ParametricVertexShader.hlsl">
      <Filter>Content\Shaders\ParametricShapes</Filter>
    </FxCompile>
    <FxCompile Include="PingPongPixelShader2.hlsl">
      <Filter>Content</Filter>
    </FxCompile>
    <FxCompile Include="BillboardVertexShader.hlsl">
      <Filter>Content\Shaders\Billboard</Filter>
    </FxCompile>
    <FxCompile Include="BillboardGeometryShader.hlsl">
      <Filter>Content\Shaders\Billboard</Filter>
    </FxCompile>
    <FxCompile Include="BillboardPixelShader.hlsl">
      <Filter>Content\Shaders\Billboard</Filter>
    </FxCompile>
    <FxCompile Include="RockUserHullShader.hlsl" />
    <FxCompile Include="RockVertexShader.hlsl" />
    <FxCompile Include="RockViewHullShader.hlsl" />
    <FxCompile Include="RockDomainShader.hlsl" />
    <FxCompile Include="RockPixelShader.hlsl" />
  </ItemGroup>
  <ItemGroup>
    <CopyFileToFolders Include="rock.sim" />
    <CopyFileToFolders Include="Displacement.DDS" />
    <CopyFileToFolders Include="Normal map.DDS" />
    <CopyFileToFolders Include="Texture.DDS" />
  </ItemGroup>
</Project>