<?xml version="1.0" encoding="utf-8"?>
<Project ToolsVersion="4.0" xmlns="http://schemas.microsoft.com/developer/msbuild/2003">
  <ItemGroup>
    <Filter Include="Common">
      <UniqueIdentifier>7731616a-d747-4e99-befd-83cee9ac3fe8</UniqueIdentifier>
    </Filter>
    <Filter Include="Assets">
      <UniqueIdentifier>4067a268-b474-4391-84bf-2f95ad6c084f</UniqueIdentifier>
      <Extensions>bmp;fbx;gif;jpg;jpeg;tga;tiff;tif;png</Extensions>
    </Filter>
    <Filter Include="Content">
      <UniqueIdentifier>09791ad9-3293-4b0a-9d49-257a191527ab</UniqueIdentifier>
    </Filter>
    <ClInclude Include="Common\DirectXHelper.h">
      <Filter>Common</Filter>
    </ClInclude>
    <ClInclude Include="Common\StepTimer.h">
      <Filter>Common</Filter>
    </ClInclude>
    <ClInclude Include="Common\DeviceResources.h">
      <Filter>Common</Filter>
    </ClInclude>
    <ClCompile Include="Common\DeviceResources.cpp">
      <Filter>Common</Filter>
    </ClCompile>
    <ClInclude Include="Content\Sample3DSceneRenderer.h">
      <Filter>Content</Filter>
    </ClInclude>
    <ClInclude Include="Content\SampleFpsTextRenderer.h">
      <Filter>Content</Filter>
    </ClInclude>
    <ClInclude Include="Content\ShaderStructures.h">
      <Filter>Content</Filter>
    </ClInclude>
    <ClCompile Include="Content\Sample3DSceneRenderer.cpp">
      <Filter>Content</Filter>
    </ClCompile>
    <ClCompile Include="Content\SampleFpsTextRenderer.cpp">
      <Filter>Content</Filter>
    </ClCompile>
    <FxCompile Include="Content\SamplePixelShader.hlsl">
      <Filter>Content</Filter>
    </FxCompile>
    <FxCompile Include="Content\SampleVertexShader.hlsl">
      <Filter>Content</Filter>
    </FxCompile>
    <Image Include="Assets\LockScreenLogo.scale-200.png">
      <Filter>Assets</Filter>
    </Image>
    <Image Include="Assets\SplashScreen.scale-200.png">
      <Filter>Assets</Filter>
    </Image>
    <Image Include="Assets\Square150x150Logo.scale-200.png">
      <Filter>Assets</Filter>
    </Image>
    <Image Include="Assets\Square44x44Logo.scale-200.png">
      <Filter>Assets</Filter>
    </Image>
    <Image Include="Assets\Square44x44Logo.targetsize-24_altform-unplated.png">
      <Filter>Assets</Filter>
    </Image>
    <Image Include="Assets\Wide310x150Logo.scale-200.png">
      <Filter>Assets</Filter>
    </Image>
    <Filter Include="Common\Shader">
      <UniqueIdentifier>{f57cae76-61a0-4258-92e3-4bc65f179f09}</UniqueIdentifier>
    </Filter>
    <Filter Include="Common\Model">
      <UniqueIdentifier>{55647e48-2c83-43bb-bd79-567ad2f53774}</UniqueIdentifier>
    </Filter>
  </ItemGroup>
  <ItemGroup>
    <ClCompile Include="App.cpp" />
    <ClCompile Include="pch.cpp" />
    <ClCompile Include="Main.cpp" />
    <ClCompile Include="ShaderProgram.cpp">
      <Filter>Common\Shader</Filter>
    </ClCompile>
    <ClCompile Include="VertexShader.cpp">
      <Filter>Common\Shader</Filter>
    </ClCompile>
    <ClCompile Include="FragmentShader.cpp">
      <Filter>Common\Shader</Filter>
    </ClCompile>
    <ClCompile Include="GeometryShader.cpp">
      <Filter>Common\Shader</Filter>
    </ClCompile>
    <ClCompile Include="DomainShader.cpp">
      <Filter>Common\Shader</Filter>
    </ClCompile>
    <ClCompile Include="HullShader.cpp">
      <Filter>Common\Shader</Filter>
    </ClCompile>
    <ClCompile Include="Shader.cpp">
      <Filter>Common\Shader</Filter>
    </ClCompile>
    <ClCompile Include="Model.cpp">
      <Filter>Common\Model</Filter>
    </ClCompile>
  </ItemGroup>
  <ItemGroup>
    <ClInclude Include="App.h" />
    <ClInclude Include="pch.h" />
    <ClInclude Include="Main.h" />
    <ClInclude Include="ShaderProgram.h">
      <Filter>Common\Shader</Filter>
    </ClInclude>
    <ClInclude Include="VertexShader.h">
      <Filter>Common\Shader</Filter>
    </ClInclude>
    <ClInclude Include="FragmentShader.h">
      <Filter>Common\Shader</Filter>
    </ClInclude>
    <ClInclude Include="GeometryShader.h">
      <Filter>Common\Shader</Filter>
    </ClInclude>
    <ClInclude Include="DomainShader.h">
      <Filter>Common\Shader</Filter>
    </ClInclude>
    <ClInclude Include="HullShader.h">
      <Filter>Common\Shader</Filter>
    </ClInclude>
    <ClInclude Include="Shader.h">
      <Filter>Common\Shader</Filter>
    </ClInclude>
    <ClInclude Include="Model.h">
      <Filter>Common\Model</Filter>
    </ClInclude>
  </ItemGroup>
  <ItemGroup>
    <Image Include="Assets\StoreLogo.png">
      <Filter>Assets</Filter>
    </Image>
  </ItemGroup>
  <ItemGroup>
    <AppxManifest Include="Package.appxmanifest" />
  </ItemGroup>
  <ItemGroup>
    <None Include="Advanced Rendering ACW_TemporaryKey.pfx" />
  </ItemGroup>
</Project>